Microsoft Visual Studio Solution File, Format Version 12.00
# Visual Studio Version 17
VisualStudioVersion = 17.5.2.0
MinimumVisualStudioVersion = 10.0.40219.1
Project("{FAE04EC0-301F-11D3-BF4B-00C04F79EFBC}") = "task03", "task03.csproj", "{AB99E08D-EAFB-4BFC-20F4-C331623685C3}"
EndProject
Global
	GlobalSection(SolutionConfigurationPlatforms) = preSolution
		Debug|Any CPU = Debug|Any CPU
		Release|Any CPU = Release|Any CPU
	EndGlobalSection
	GlobalSection(ProjectConfigurationPlatforms) = postSolution
		{AB99E08D-EAFB-4BFC-20F4-C331623685C3}.Debug|Any CPU.ActiveCfg = Debug|Any CPU
		{AB99E08D-EAFB-4BFC-20F4-C331623685C3}.Debug|Any CPU.Build.0 = Debug|Any CPU
		{AB99E08D-EAFB-4BFC-20F4-C331623685C3}.Release|Any CPU.ActiveCfg = Release|Any CPU
		{AB99E08D-EAFB-4BFC-20F4-C331623685C3}.Release|Any CPU.Build.0 = Release|Any CPU
	EndGlobalSection
	GlobalSection(SolutionProperties) = preSolution
		HideSolutionNode = FALSE
	EndGlobalSection
	GlobalSection(ExtensibilityGlobals) = postSolution
		SolutionGuid = {FF39EEA9-7CEA-4953-B95B-25841F987E8C}
	EndGlobalSection
EndGlobal
